PODS:
  - Alamofire (4.9.1)
  - Cosmos (23.0.0)
  - DotsLoading (1.0.0)
  - DropDown (2.3.13)
  - DynamicBlurView (4.1.0)
  - FlagKit (2.2)
  - FloatingPanel (2.5.5)
  - FSPagerView (0.8.3)
  - GoogleMaps (7.2.0):
    - GoogleMaps/Maps (= 7.2.0)
  - GoogleMaps/Base (7.2.0)
  - GoogleMaps/Maps (7.2.0):
    - GoogleMaps/Base
  - IQKeyboardManagerSwift (6.5.10)
  - Localize-Swift (3.2.0):
    - Localize-Swift/LocalizeSwiftCore (= 3.2.0)
    - Localize-Swift/UIKit (= 3.2.0)
  - Localize-Swift/LocalizeSwiftCore (3.2.0)
  - Localize-Swift/UIKit (3.2.0):
    - Localize-Swift/LocalizeSwiftCore
  - lottie-ios (3.0.7)
  - OTPFieldView (1.0.1)
  - OTPInputView (0.1.2)
  - PopupDialog (1.1.1):
    - DynamicBlurView (~> 4.0)
  - SDWebImage (5.14.2):
    - SDWebImage/Core (= 5.14.2)
  - SDWebImage/Core (5.14.2)
  - SideMenu (6.5.0)
  - SkeletonView (1.30.4)
  - SOPullUpView (1.1.0)
  - SVProgressHUD (2.2.5)
  - Toast-Swift (5.0.1)

DEPENDENCIES:
  - Alamofire (~> 4.5)
  - Cosmos
  - DotsLoading
  - DropDown
  - FlagKit
  - FloatingPanel
  - FSPagerView
  - GoogleMaps
  - IQKeyboardManagerSwift
  - Localize-Swift
  - lottie-ios (~> 3.0.5)
  - OTPFieldView
  - OTPInputView
  - PopupDialog
  - SDWebImage
  - SideMenu
  - SkeletonView
  - SOPullUpView
  - SVProgressHUD
  - Toast-Swift

SPEC REPOS:
  trunk:
    - Alamofire
    - Cosmos
    - DotsLoading
    - DropDown
    - DynamicBlurView
    - FlagKit
    - FloatingPanel
    - FSPagerView
    - GoogleMaps
    - IQKeyboardManagerSwift
    - Localize-Swift
    - lottie-ios
    - OTPFieldView
    - OTPInputView
    - PopupDialog
    - SDWebImage
    - SideMenu
    - SkeletonView
    - SOPullUpView
    - SVProgressHUD
    - Toast-Swift

SPEC CHECKSUMS:
  Alamofire: 85e8a02c69d6020a0d734f6054870d7ecb75cf18
  Cosmos: b5c6a9a637e28a061b54c8f8b1d8529d7d4db73f
  DotsLoading: 1721e46a85d2424e5febbe705fb9e8b23cfea2db
  DropDown: 8a2116376c1981888557f72ec2ffc9a5e0e456ec
  DynamicBlurView: 58e18fae80bb614e34681a4486870e7d257b62e8
  FlagKit: eca7dc89064b0c986302ba9acefad1bf80a435b1
  FloatingPanel: a27e7827e0f710fa6236fe2596dd1b5484cb4fc1
  FSPagerView: 670405b2f18e2a87fa37f20b00de783e562c25a8
  GoogleMaps: 65ce5426e2398bb81433c8076f2ab6419c2c5537
  IQKeyboardManagerSwift: 52962c76ab33532f15ad9f3ff4e5715eda5335bb
  Localize-Swift: 6f4475136bdb0d7b2882ea3d4ea919d70142b232
  lottie-ios: c38c3178ae8c4a8f200661aa5f80b9f1ca7f56b3
  OTPFieldView: 700a752fe62c41d1c4914c78aa500fb30d97c255
  OTPInputView: 8a7cc613e29d264f799d121169d00a745cae4c00
  PopupDialog: 720c92befd8bc23c13442254945213db5612f149
  SDWebImage: b9a731e1d6307f44ca703b3976d18c24ca561e84
  SideMenu: f583187d21c5b1dd04c72002be544b555a2627a2
  SkeletonView: 5a050f6411e697abd4cda0a8d767013399dccd69
  SOPullUpView: a18cab4bdce7cc07c227e705cc4270e0a36ca2fa
  SVProgressHUD: 1428aafac632c1f86f62aa4243ec12008d7a51d6
  Toast-Swift: 9b6a70f28b3bf0b96c40d46c0c4b9d6639846711

PODFILE CHECKSUM: fe8bb3d549e4e808a1ab4098df4080fbce50a6d9

COCOAPODS: 1.11.2
